
Microsoft Visual Studio Solution File, Format Version 12.00
# Visual Studio Version 16
VisualStudioVersion = 16.0.31605.320
MinimumVisualStudioVersion = 10.0.40219.1
Project("{FAE04EC0-301F-11D3-BF4B-00C04F79EFBC}") = "XFKudanARDemo.UWP", "XFKudanARDemo\XFKudanARDemo.UWP\XFKudanARDemo.UWP.csproj", "{FC8F60C1-4132-4906-8998-0C191D4B4083}"
EndProject
Project("{FAE04EC0-301F-11D3-BF4B-00C04F79EFBC}") = "XFKudanARDemo.Android", "XFKudanARDemo\XFKudanARDemo.Android\XFKudanARDemo.Android.csproj", "{62E6F011-8863-4C0F-B53D-5016D59D3B73}"
EndProject
Project("{FAE04EC0-301F-11D3-BF4B-00C04F79EFBC}") = "XFKudanARDemo.iOS", "XFKudanARDemo\XFKudanARDemo.iOS\XFKudanARDemo.iOS.csproj", "{6523219C-1300-40B9-A729-DD9148E5532E}"
EndProject
Project("{FAE04EC0-301F-11D3-BF4B-00C04F79EFBC}") = "XFKudanARDemo", "XFKudanARDemo\XFKudanARDemo\XFKudanARDemo.csproj", "{A83A3EFE-6540-441E-A20A-13145CBC8DB6}"
EndProject
Project("{FAE04EC0-301F-11D3-BF4B-00C04F79EFBC}") = "XFKudanARDemo.BindLibrary", "XFKudanARDemo.BindLibrary\XFKudanARDemo.BindLibrary.csproj", "{C06FE13B-803D-4D77-92B2-688A889428D9}"
EndProject
Global
	GlobalSection(SolutionConfigurationPlatforms) = preSolution
		Debug|Any CPU = Debug|Any CPU
		Debug|ARM = Debug|ARM
		Debug|iPhone = Debug|iPhone
		Debug|iPhoneSimulator = Debug|iPhoneSimulator
		Debug|x64 = Debug|x64
		Debug|x86 = Debug|x86
		Release|Any CPU = Release|Any CPU
		Release|ARM = Release|ARM
		Release|iPhone = Release|iPhone
		Release|iPhoneSimulator = Release|iPhoneSimulator
		Release|x64 = Release|x64
		Release|x86 = Release|x86
	EndGlobalSection
	GlobalSection(ProjectConfigurationPlatforms) = postSolution
		{FC8F60C1-4132-4906-8998-0C191D4B4083}.Debug|Any CPU.ActiveCfg = Debug|x86
		{FC8F60C1-4132-4906-8998-0C191D4B4083}.Debug|ARM.ActiveCfg = Debug|ARM
		{FC8F60C1-4132-4906-8998-0C191D4B4083}.Debug|ARM.Build.0 = Debug|ARM
		{FC8F60C1-4132-4906-8998-0C191D4B4083}.Debug|ARM.Deploy.0 = Debug|ARM
		{FC8F60C1-4132-4906-8998-0C191D4B4083}.Debug|iPhone.ActiveCfg = Debug|x86
		{FC8F60C1-4132-4906-8998-0C191D4B4083}.Debug|iPhoneSimulator.ActiveCfg = Debug|x86
		{FC8F60C1-4132-4906-8998-0C191D4B4083}.Debug|x64.ActiveCfg = Debug|x64
		{FC8F60C1-4132-4906-8998-0C191D4B4083}.Debug|x64.Build.0 = Debug|x64
		{FC8F60C1-4132-4906-8998-0C191D4B4083}.Debug|x64.Deploy.0 = Debug|x64
		{FC8F60C1-4132-4906-8998-0C191D4B4083}.Debug|x86.ActiveCfg = Debug|x86
		{FC8F60C1-4132-4906-8998-0C191D4B4083}.Debug|x86.Build.0 = Debug|x86
		{FC8F60C1-4132-4906-8998-0C191D4B4083}.Debug|x86.Deploy.0 = Debug|x86
		{FC8F60C1-4132-4906-8998-0C191D4B4083}.Release|Any CPU.ActiveCfg = Release|x86
		{FC8F60C1-4132-4906-8998-0C191D4B4083}.Release|ARM.ActiveCfg = Release|ARM
		{FC8F60C1-4132-4906-8998-0C191D4B4083}.Release|ARM.Build.0 = Release|ARM
		{FC8F60C1-4132-4906-8998-0C191D4B4083}.Release|ARM.Deploy.0 = Release|ARM
		{FC8F60C1-4132-4906-8998-0C191D4B4083}.Release|iPhone.ActiveCfg = Release|x86
		{FC8F60C1-4132-4906-8998-0C191D4B4083}.Release|iPhoneSimulator.ActiveCfg = Release|x86
		{FC8F60C1-4132-4906-8998-0C191D4B4083}.Release|x64.ActiveCfg = Release|x64
		{FC8F60C1-4132-4906-8998-0C191D4B4083}.Release|x64.Build.0 = Release|x64
		{FC8F60C1-4132-4906-8998-0C191D4B4083}.Release|x64.Deploy.0 = Release|x64
		{FC8F60C1-4132-4906-8998-0C191D4B4083}.Release|x86.ActiveCfg = Release|x86
		{FC8F60C1-4132-4906-8998-0C191D4B4083}.Release|x86.Build.0 = Release|x86
		{FC8F60C1-4132-4906-8998-0C191D4B4083}.Release|x86.Deploy.0 = Release|x86
		{62E6F011-8863-4C0F-B53D-5016D59D3B73}.Debug|Any CPU.ActiveCfg = Debug|Any CPU
		{62E6F011-8863-4C0F-B53D-5016D59D3B73}.Debug|Any CPU.Build.0 = Debug|Any CPU
		{62E6F011-8863-4C0F-B53D-5016D59D3B73}.Debug|Any CPU.Deploy.0 = Debug|Any CPU
		{62E6F011-8863-4C0F-B53D-5016D59D3B73}.Debug|ARM.ActiveCfg = Debug|Any CPU
		{62E6F011-8863-4C0F-B53D-5016D59D3B73}.Debug|ARM.Build.0 = Debug|Any CPU
		{62E6F011-8863-4C0F-B53D-5016D59D3B73}.Debug|ARM.Deploy.0 = Debug|Any CPU
		{62E6F011-8863-4C0F-B53D-5016D59D3B73}.Debug|iPhone.ActiveCfg = Debug|Any CPU
		{62E6F011-8863-4C0F-B53D-5016D59D3B73}.Debug|iPhone.Build.0 = Debug|Any CPU
		{62E6F011-8863-4C0F-B53D-5016D59D3B73}.Debug|iPhone.Deploy.0 = Debug|Any CPU
		{62E6F011-8863-4C0F-B53D-5016D59D3B73}.Debug|iPhoneSimulator.ActiveCfg = Debug|Any CPU
		{62E6F011-8863-4C0F-B53D-5016D59D3B73}.Debug|iPhoneSimulator.Build.0 = Debug|Any CPU
		{62E6F011-8863-4C0F-B53D-5016D59D3B73}.Debug|iPhoneSimulator.Deploy.0 = Debug|Any CPU
		{62E6F011-8863-4C0F-B53D-5016D59D3B73}.Debug|x64.ActiveCfg = Debug|Any CPU
		{62E6F011-8863-4C0F-B53D-5016D59D3B73}.Debug|x64.Build.0 = Debug|Any CPU
		{62E6F011-8863-4C0F-B53D-5016D59D3B73}.Debug|x64.Deploy.0 = Debug|Any CPU
		{62E6F011-8863-4C0F-B53D-5016D59D3B73}.Debug|x86.ActiveCfg = Debug|Any CPU
		{62E6F011-8863-4C0F-B53D-5016D59D3B73}.Debug|x86.Build.0 = Debug|Any CPU
		{62E6F011-8863-4C0F-B53D-5016D59D3B73}.Debug|x86.Deploy.0 = Debug|Any CPU
		{62E6F011-8863-4C0F-B53D-5016D59D3B73}.Release|Any CPU.ActiveCfg = Release|Any CPU
		{62E6F011-8863-4C0F-B53D-5016D59D3B73}.Release|Any CPU.Build.0 = Release|Any CPU
		{62E6F011-8863-4C0F-B53D-5016D59D3B73}.Release|Any CPU.Deploy.0 = Release|Any CPU
		{62E6F011-8863-4C0F-B53D-5016D59D3B73}.Release|ARM.ActiveCfg = Release|Any CPU
		{62E6F011-8863-4C0F-B53D-5016D59D3B73}.Release|ARM.Build.0 = Release|Any CPU
		{62E6F011-8863-4C0F-B53D-5016D59D3B73}.Release|ARM.Deploy.0 = Release|Any CPU
		{62E6F011-8863-4C0F-B53D-5016D59D3B73}.Release|iPhone.ActiveCfg = Release|Any CPU
		{62E6F011-8863-4C0F-B53D-5016D59D3B73}.Release|iPhone.Build.0 = Release|Any CPU
		{62E6F011-8863-4C0F-B53D-5016D59D3B73}.Release|iPhone.Deploy.0 = Release|Any CPU
		{62E6F011-8863-4C0F-B53D-5016D59D3B73}.Release|iPhoneSimulator.ActiveCfg = Release|Any CPU
		{62E6F011-8863-4C0F-B53D-5016D59D3B73}.Release|iPhoneSimulator.Build.0 = Release|Any CPU
		{62E6F011-8863-4C0F-B53D-5016D59D3B73}.Release|iPhoneSimulator.Deploy.0 = Release|Any CPU
		{62E6F011-8863-4C0F-B53D-5016D59D3B73}.Release|x64.ActiveCfg = Release|Any CPU
		{62E6F011-8863-4C0F-B53D-5016D59D3B73}.Release|x64.Build.0 = Release|Any CPU
		{62E6F011-8863-4C0F-B53D-5016D59D3B73}.Release|x64.Deploy.0 = Release|Any CPU
		{62E6F011-8863-4C0F-B53D-5016D59D3B73}.Release|x86.ActiveCfg = Release|Any CPU
		{62E6F011-8863-4C0F-B53D-5016D59D3B73}.Release|x86.Build.0 = Release|Any CPU
		{62E6F011-8863-4C0F-B53D-5016D59D3B73}.Release|x86.Deploy.0 = Release|Any CPU
		{6523219C-1300-40B9-A729-DD9148E5532E}.Debug|Any CPU.ActiveCfg = Debug|iPhoneSimulator
		{6523219C-1300-40B9-A729-DD9148E5532E}.Debug|ARM.ActiveCfg = Debug|iPhoneSimulator
		{6523219C-1300-40B9-A729-DD9148E5532E}.Debug|iPhone.ActiveCfg = Debug|iPhone
		{6523219C-1300-40B9-A729-DD9148E5532E}.Debug|iPhone.Build.0 = Debug|iPhone
		{6523219C-1300-40B9-A729-DD9148E5532E}.Debug|iPhoneSimulator.ActiveCfg = Debug|iPhoneSimulator
		{6523219C-1300-40B9-A729-DD9148E5532E}.Debug|iPhoneSimulator.Build.0 = Debug|iPhoneSimulator
		{6523219C-1300-40B9-A729-DD9148E5532E}.Debug|x64.ActiveCfg = Debug|iPhoneSimulator
		{6523219C-1300-40B9-A729-DD9148E5532E}.Debug|x86.ActiveCfg = Debug|iPhoneSimulator
		{6523219C-1300-40B9-A729-DD9148E5532E}.Release|Any CPU.ActiveCfg = Release|iPhoneSimulator
		{6523219C-1300-40B9-A729-DD9148E5532E}.Release|ARM.ActiveCfg = Release|iPhoneSimulator
		{6523219C-1300-40B9-A729-DD9148E5532E}.Release|iPhone.ActiveCfg = Release|iPhone
		{6523219C-1300-40B9-A729-DD9148E5532E}.Release|iPhone.Build.0 = Release|iPhone
		{6523219C-1300-40B9-A729-DD9148E5532E}.Release|iPhoneSimulator.ActiveCfg = Release|iPhoneSimulator
		{6523219C-1300-40B9-A729-DD9148E5532E}.Release|iPhoneSimulator.Build.0 = Release|iPhoneSimulator
		{6523219C-1300-40B9-A729-DD9148E5532E}.Release|x64.ActiveCfg = Release|iPhoneSimulator
		{6523219C-1300-40B9-A729-DD9148E5532E}.Release|x86.ActiveCfg = Release|iPhoneSimulator
		{A83A3EFE-6540-441E-A20A-13145CBC8DB6}.Debug|Any CPU.ActiveCfg = Debug|Any CPU
		{A83A3EFE-6540-441E-A20A-13145CBC8DB6}.Debug|Any CPU.Build.0 = Debug|Any CPU
		{A83A3EFE-6540-441E-A20A-13145CBC8DB6}.Debug|ARM.ActiveCfg = Debug|Any CPU
		{A83A3EFE-6540-441E-A20A-13145CBC8DB6}.Debug|ARM.Build.0 = Debug|Any CPU
		{A83A3EFE-6540-441E-A20A-13145CBC8DB6}.Debug|iPhone.ActiveCfg = Debug|Any CPU
		{A83A3EFE-6540-441E-A20A-13145CBC8DB6}.Debug|iPhone.Build.0 = Debug|Any CPU
		{A83A3EFE-6540-441E-A20A-13145CBC8DB6}.Debug|iPhoneSimulator.ActiveCfg = Debug|Any CPU
		{A83A3EFE-6540-441E-A20A-13145CBC8DB6}.Debug|iPhoneSimulator.Build.0 = Debug|Any CPU
		{A83A3EFE-6540-441E-A20A-13145CBC8DB6}.Debug|x64.ActiveCfg = Debug|Any CPU
		{A83A3EFE-6540-441E-A20A-13145CBC8DB6}.Debug|x64.Build.0 = Debug|Any CPU
		{A83A3EFE-6540-441E-A20A-13145CBC8DB6}.Debug|x86.ActiveCfg = Debug|Any CPU
		{A83A3EFE-6540-441E-A20A-13145CBC8DB6}.Debug|x86.Build.0 = Debug|Any CPU
		{A83A3EFE-6540-441E-A20A-13145CBC8DB6}.Release|Any CPU.ActiveCfg = Release|Any CPU
		{A83A3EFE-6540-441E-A20A-13145CBC8DB6}.Release|Any CPU.Build.0 = Release|Any CPU
		{A83A3EFE-6540-441E-A20A-13145CBC8DB6}.Release|ARM.ActiveCfg = Release|Any CPU
		{A83A3EFE-6540-441E-A20A-13145CBC8DB6}.Release|ARM.Build.0 = Release|Any CPU
		{A83A3EFE-6540-441E-A20A-13145CBC8DB6}.Release|iPhone.ActiveCfg = Release|Any CPU
		{A83A3EFE-6540-441E-A20A-13145CBC8DB6}.Release|iPhone.Build.0 = Release|Any CPU
		{A83A3EFE-6540-441E-A20A-13145CBC8DB6}.Release|iPhoneSimulator.ActiveCfg = Release|Any CPU
		{A83A3EFE-6540-441E-A20A-13145CBC8DB6}.Release|iPhoneSimulator.Build.0 = Release|Any CPU
		{A83A3EFE-6540-441E-A20A-13145CBC8DB6}.Release|x64.ActiveCfg = Release|Any CPU
		{A83A3EFE-6540-441E-A20A-13145CBC8DB6}.Release|x64.Build.0 = Release|Any CPU
		{A83A3EFE-6540-441E-A20A-13145CBC8DB6}.Release|x86.ActiveCfg = Release|Any CPU
		{A83A3EFE-6540-441E-A20A-13145CBC8DB6}.Release|x86.Build.0 = Release|Any CPU
		{C06FE13B-803D-4D77-92B2-688A889428D9}.Debug|Any CPU.ActiveCfg = Debug|Any CPU
		{C06FE13B-803D-4D77-92B2-688A889428D9}.Debug|Any CPU.Build.0 = Debug|Any CPU
		{C06FE13B-803D-4D77-92B2-688A889428D9}.Debug|ARM.ActiveCfg = Debug|Any CPU
		{C06FE13B-803D-4D77-92B2-688A889428D9}.Debug|ARM.Build.0 = Debug|Any CPU
		{C06FE13B-803D-4D77-92B2-688A889428D9}.Debug|iPhone.ActiveCfg = Debug|Any CPU
		{C06FE13B-803D-4D77-92B2-688A889428D9}.Debug|iPhone.Build.0 = Debug|Any CPU
		{C06FE13B-803D-4D77-92B2-688A889428D9}.Debug|iPhoneSimulator.ActiveCfg = Debug|Any CPU
		{C06FE13B-803D-4D77-92B2-688A889428D9}.Debug|iPhoneSimulator.Build.0 = Debug|Any CPU
		{C06FE13B-803D-4D77-92B2-688A889428D9}.Debug|x64.ActiveCfg = Debug|Any CPU
		{C06FE13B-803D-4D77-92B2-688A889428D9}.Debug|x64.Build.0 = Debug|Any CPU
		{C06FE13B-803D-4D77-92B2-688A889428D9}.Debug|x86.ActiveCfg = Debug|Any CPU
		{C06FE13B-803D-4D77-92B2-688A889428D9}.Debug|x86.Build.0 = Debug|Any CPU
		{C06FE13B-803D-4D77-92B2-688A889428D9}.Release|Any CPU.ActiveCfg = Release|Any CPU
		{C06FE13B-803D-4D77-92B2-688A889428D9}.Release|Any CPU.Build.0 = Release|Any CPU
		{C06FE13B-803D-4D77-92B2-688A889428D9}.Release|ARM.ActiveCfg = Release|Any CPU
		{C06FE13B-803D-4D77-92B2-688A889428D9}.Release|ARM.Build.0 = Release|Any CPU
		{C06FE13B-803D-4D77-92B2-688A889428D9}.Release|iPhone.ActiveCfg = Release|Any CPU
		{C06FE13B-803D-4D77-92B2-688A889428D9}.Release|iPhone.Build.0 = Release|Any CPU
		{C06FE13B-803D-4D77-92B2-688A889428D9}.Release|iPhoneSimulator.ActiveCfg = Release|Any CPU
		{C06FE13B-803D-4D77-92B2-688A889428D9}.Release|iPhoneSimulator.Build.0 = Release|Any CPU
		{C06FE13B-803D-4D77-92B2-688A889428D9}.Release|x64.ActiveCfg = Release|Any CPU
		{C06FE13B-803D-4D77-92B2-688A889428D9}.Release|x64.Build.0 = Release|Any CPU
		{C06FE13B-803D-4D77-92B2-688A889428D9}.Release|x86.ActiveCfg = Release|Any CPU
		{C06FE13B-803D-4D77-92B2-688A889428D9}.Release|x86.Build.0 = Release|Any CPU
	EndGlobalSection
	GlobalSection(SolutionProperties) = preSolution
		HideSolutionNode = FALSE
	EndGlobalSection
	GlobalSection(ExtensibilityGlobals) = postSolution
		SolutionGuid = {2F8579BB-36CF-4523-86B5-A071FF9D432B}
	EndGlobalSection
EndGlobal
